
Microsoft Visual Studio Solution File, Format Version 12.00
# Visual Studio Version 17
VisualStudioVersion = 17.12.35527.113 d17.12
MinimumVisualStudioVersion = 10.0.40219.1
Project("{FAE04EC0-301F-11D3-BF4B-00C04F79EFBC}") = "Ecommerce_Jair.Server", "Ecommerce_Jair.Server\Ecommerce_Jair.Server.csproj", "{F3F4D10A-6BB4-4B1C-B482-B76447310C04}"
EndProject
Project("{54A90642-561A-4BB1-A94E-469ADEE60C69}") = "ecommerce_jair.client", "ecommerce_jair.client\ecommerce_jair.client.esproj", "{969404AE-25E8-409A-92D7-D61C0BEA542B}"
EndProject
Global
	GlobalSection(SolutionConfigurationPlatforms) = preSolution
		Debug|Any CPU = Debug|Any CPU
		Release|Any CPU = Release|Any CPU
	EndGlobalSection
	GlobalSection(ProjectConfigurationPlatforms) = postSolution
		{F3F4D10A-6BB4-4B1C-B482-B76447310C04}.Debug|Any CPU.ActiveCfg = Debug|Any CPU
		{F3F4D10A-6BB4-4B1C-B482-B76447310C04}.Debug|Any CPU.Build.0 = Debug|Any CPU
		{F3F4D10A-6BB4-4B1C-B482-B76447310C04}.Release|Any CPU.ActiveCfg = Release|Any CPU
		{F3F4D10A-6BB4-4B1C-B482-B76447310C04}.Release|Any CPU.Build.0 = Release|Any CPU
		{969404AE-25E8-409A-92D7-D61C0BEA542B}.Debug|Any CPU.ActiveCfg = Debug|Any CPU
		{969404AE-25E8-409A-92D7-D61C0BEA542B}.Debug|Any CPU.Build.0 = Debug|Any CPU
		{969404AE-25E8-409A-92D7-D61C0BEA542B}.Debug|Any CPU.Deploy.0 = Debug|Any CPU
		{969404AE-25E8-409A-92D7-D61C0BEA542B}.Release|Any CPU.ActiveCfg = Release|Any CPU
		{969404AE-25E8-409A-92D7-D61C0BEA542B}.Release|Any CPU.Build.0 = Release|Any CPU
		{969404AE-25E8-409A-92D7-D61C0BEA542B}.Release|Any CPU.Deploy.0 = Release|Any CPU
	EndGlobalSection
	GlobalSection(SolutionProperties) = preSolution
		HideSolutionNode = FALSE
	EndGlobalSection
EndGlobal
